{
  "pins" : [
    {
      "identity" : "actionkit-macos",
      "kind" : "remoteSourceControl",
      "location" : "https://github.com/david-swift/ActionKit-macOS",
      "state" : {
        "revision" : "c0adc50ad5dbb9f92939956c22dc7cabfda97bea",
        "version" : "0.1.6"
      }
    },
    {
      "identity" : "colibricomponents-macos",
      "kind" : "remoteSourceControl",
      "location" : "https://github.com/david-swift/ColibriComponents-macOS",
      "state" : {
        "revision" : "ce8b4accee3361a904831a3c659de0c99369e8bf",
        "version" : "0.1.11"
      }
    },
    {
      "identity" : "functions-swift",
      "kind" : "remoteSourceControl",
      "location" : "https://github.com/supabase-community/functions-swift",
      "state" : {
        "revision" : "d2fac1980cf5b589077b635d4e18249f7939a9db",
        "version" : "1.1.1"
      }
    },
    {
      "identity" : "get",
      "kind" : "remoteSourceControl",
      "location" : "https://github.com/kean/Get",
      "state" : {
        "revision" : "12830cc64f31789ae6f4352d2d51d03a25fc3741",
        "version" : "2.1.6"
      }
    },
    {
      "identity" : "getextensions",
      "kind" : "remoteSourceControl",
      "location" : "https://github.com/binaryscraping/GetExtensions",
      "state" : {
        "revision" : "aa20f38721142eb6592b2c8f11179d32d7d70ae3",
        "version" : "1.0.0"
      }
    },
    {
      "identity" : "gotrue-swift",
      "kind" : "remoteSourceControl",
      "location" : "https://github.com/supabase-community/gotrue-swift",
      "state" : {
        "revision" : "e53731e21569b2e9ce6f58763ad0fbce8e2e7603",
        "version" : "1.3.0"
      }
    },
    {
      "identity" : "keychainaccess",
      "kind" : "remoteSourceControl",
      "location" : "https://github.com/kishikawakatsumi/KeychainAccess",
      "state" : {
        "revision" : "84e546727d66f1adc5439debad16270d0fdd04e7",
        "version" : "4.2.2"
      }
    },
    {
      "identity" : "pigeonapp-macos",
      "kind" : "remoteSourceControl",
      "location" : "https://github.com/david-swift/PigeonApp-macOS",
      "state" : {
        "revision" : "8ed6453bb3469ae4e2a7c02e3688058dbf054457",
        "version" : "0.2.12"
      }
    },
    {
      "identity" : "postgrest-swift",
      "kind" : "remoteSourceControl",
      "location" : "https://github.com/supabase-community/postgrest-swift",
      "state" : {
        "revision" : "2afb40a2f91ba881db8f04131e1b5146001813a5",
        "version" : "1.0.3"
      }
    },
    {
      "identity" : "realtime-swift",
      "kind" : "remoteSourceControl",
      "location" : "https://github.com/supabase-community/realtime-swift.git",
      "state" : {
        "revision" : "0b985c687fe963f6bd818ff77a35c27247b98bb4",
        "version" : "0.0.2"
      }
    },
    {
      "identity" : "settingskit-macos",
      "kind" : "remoteSourceControl",
      "location" : "https://github.com/david-swift/SettingsKit-macOS",
      "state" : {
        "revision" : "eca48656b1ccf01b64e8162710e6ff0aacbfd738",
        "version" : "0.2.3"
      }
    },
    {
      "identity" : "sfsafesymbols",
      "kind" : "remoteSourceControl",
      "location" : "https://github.com/SFSafeSymbols/SFSafeSymbols",
      "state" : {
        "revision" : "7cca2d60925876b5953a2cf7341cd80fbeac983c",
        "version" : "4.1.1"
      }
    },
    {
      "identity" : "storage-swift",
      "kind" : "remoteSourceControl",
      "location" : "https://github.com/supabase-community/storage-swift.git",
      "state" : {
        "revision" : "65cae9e1156711043cbdebb27b4df93cbef46a1b",
        "version" : "0.1.4"
      }
    },
    {
      "identity" : "supabase-swift",
      "kind" : "remoteSourceControl",
      "location" : "https://github.com/supabase-community/supabase-swift",
      "state" : {
        "revision" : "7088b85247c8e56317f0b22b9d60655e8f762fec",
        "version" : "0.3.0"
      }
    },
    {
      "identity" : "swiftlintplugin",
      "kind" : "remoteSourceControl",
      "location" : "https://github.com/lukepistrol/SwiftLintPlugin",
      "state" : {
        "revision" : "ea6d3ca895b49910f790e98e4b4ca658e0fe490e",
        "version" : "0.54.0"
      }
    },
    {
      "identity" : "urlqueryencoder",
      "kind" : "remoteSourceControl",
      "location" : "https://github.com/kean/URLQueryEncoder",
      "state" : {
        "revision" : "4ce950479707ea109f229d7230ec074a133b15d7",
        "version" : "0.2.1"
      }
    }
  ],
  "version" : 2
}
